
Microsoft Visual Studio Solution File, Format Version 12.00
# Visual Studio Version 17
VisualStudioVersion = 17.6.33723.286
MinimumVisualStudioVersion = 10.0.40219.1
Project("{FAE04EC0-301F-11D3-BF4B-00C04F79EFBC}") = "Первый графический интерфейс", "Первый графический интерфейс\Первый графический интерфейс.csproj", "{0BE230E6-5768-484E-8CFD-00B556FF276A}"
EndProject
Global
	GlobalSection(SolutionConfigurationPlatforms) = preSolution
		Debug|Any CPU = Debug|Any CPU
		Release|Any CPU = Release|Any CPU
	EndGlobalSection
	GlobalSection(ProjectConfigurationPlatforms) = postSolution
		{0BE230E6-5768-484E-8CFD-00B556FF276A}.Debug|Any CPU.ActiveCfg = Debug|Any CPU
		{0BE230E6-5768-484E-8CFD-00B556FF276A}.Debug|Any CPU.Build.0 = Debug|Any CPU
		{0BE230E6-5768-484E-8CFD-00B556FF276A}.Release|Any CPU.ActiveCfg = Release|Any CPU
		{0BE230E6-5768-484E-8CFD-00B556FF276A}.Release|Any CPU.Build.0 = Release|Any CPU
	EndGlobalSection
	GlobalSection(SolutionProperties) = preSolution
		HideSolutionNode = FALSE
	EndGlobalSection
	GlobalSection(ExtensibilityGlobals) = postSolution
		SolutionGuid = {DE69F6B8-6B9E-4993-8961-3841E78D8FDC}
	EndGlobalSection
EndGlobal
